
Microsoft Visual Studio Solution File, Format Version 12.00
# Visual Studio Version 17
VisualStudioVersion = 17.5.33424.131
MinimumVisualStudioVersion = 10.0.40219.1
Project("{FAE04EC0-301F-11D3-BF4B-00C04F79EFBC}") = "MazeSolver", "MazeSolver.csproj", "{964CC49E-FB92-43ED-B016-9759E3E0DBA2}"
EndProject
Global
	GlobalSection(SolutionConfigurationPlatforms) = preSolution
		Debug|Any CPU = Debug|Any CPU
		Release|Any CPU = Release|Any CPU
	EndGlobalSection
	GlobalSection(ProjectConfigurationPlatforms) = postSolution
		{964CC49E-FB92-43ED-B016-9759E3E0DBA2}.Debug|Any CPU.ActiveCfg = Debug|Any CPU
		{964CC49E-FB92-43ED-B016-9759E3E0DBA2}.Debug|Any CPU.Build.0 = Debug|Any CPU
		{964CC49E-FB92-43ED-B016-9759E3E0DBA2}.Release|Any CPU.ActiveCfg = Release|Any CPU
		{964CC49E-FB92-43ED-B016-9759E3E0DBA2}.Release|Any CPU.Build.0 = Release|Any CPU
	EndGlobalSection
	GlobalSection(SolutionProperties) = preSolution
		HideSolutionNode = FALSE
	EndGlobalSection
	GlobalSection(ExtensibilityGlobals) = postSolution
		SolutionGuid = {FFA00CCA-1ADF-47CC-9ED8-E9B475CA1706}
	EndGlobalSection
EndGlobal
